
Microsoft Visual Studio Solution File, Format Version 12.00
# Visual Studio Version 16
VisualStudioVersion = 16.0.30114.105
MinimumVisualStudioVersion = 10.0.40219.1
Project("{FAE04EC0-301F-11D3-BF4B-00C04F79EFBC}") = "gk-p7", "gk-p7\gk-p7.csproj", "{D801A5D8-1D26-4964-B224-D71583DF1813}"
EndProject
Global
	GlobalSection(SolutionConfigurationPlatforms) = preSolution
		Debug|Any CPU = Debug|Any CPU
		Release|Any CPU = Release|Any CPU
	EndGlobalSection
	GlobalSection(ProjectConfigurationPlatforms) = postSolution
		{D801A5D8-1D26-4964-B224-D71583DF1813}.Debug|Any CPU.ActiveCfg = Debug|Any CPU
		{D801A5D8-1D26-4964-B224-D71583DF1813}.Debug|Any CPU.Build.0 = Debug|Any CPU
		{D801A5D8-1D26-4964-B224-D71583DF1813}.Release|Any CPU.ActiveCfg = Release|Any CPU
		{D801A5D8-1D26-4964-B224-D71583DF1813}.Release|Any CPU.Build.0 = Release|Any CPU
	EndGlobalSection
	GlobalSection(SolutionProperties) = preSolution
		HideSolutionNode = FALSE
	EndGlobalSection
	GlobalSection(ExtensibilityGlobals) = postSolution
		SolutionGuid = {F270701E-3A37-4D8D-9ABB-967C862D4FF7}
	EndGlobalSection
EndGlobal
